# This file is automatically @generated by Cargo.
# It is not intended for manual editing.
version = 3

[[package]]
name = "adapter"
version = "0.1.0"

[[package]]
name = "command_1"
version = "0.1.0"

[[package]]
name = "command_2"
version = "0.1.0"

[[package]]
name = "command_3"
version = "0.1.0"

[[package]]
name = "iterator"
version = "0.1.0"

[[package]]
name = "facade"
version = "0.1.0"

[[package]]
name = "rust-design-pattern"
version = "0.1.0"

[[package]]
name = "state"
version = "0.1.0"

[[package]]
name = "template"
version = "0.1.0"
